
Microsoft Visual Studio Solution File, Format Version 12.00
# Visual Studio 15
VisualStudioVersion = 15.0.28307.852
MinimumVisualStudioVersion = 10.0.40219.1
Project("{FAE04EC0-301F-11D3-BF4B-00C04F79EFBC}") = "Lab1Csharp", "Lab1Csharp\Lab1Csharp.csproj", "{CC49F1BA-583A-4E3F-85D5-7A9CF8A2BE1E}"
EndProject
Global
	GlobalSection(SolutionConfigurationPlatforms) = preSolution
		Debug|Any CPU = Debug|Any CPU
		Release|Any CPU = Release|Any CPU
	EndGlobalSection
	GlobalSection(ProjectConfigurationPlatforms) = postSolution
		{CC49F1BA-583A-4E3F-85D5-7A9CF8A2BE1E}.Debug|Any CPU.ActiveCfg = Debug|Any CPU
		{CC49F1BA-583A-4E3F-85D5-7A9CF8A2BE1E}.Debug|Any CPU.Build.0 = Debug|Any CPU
		{CC49F1BA-583A-4E3F-85D5-7A9CF8A2BE1E}.Release|Any CPU.ActiveCfg = Release|Any CPU
		{CC49F1BA-583A-4E3F-85D5-7A9CF8A2BE1E}.Release|Any CPU.Build.0 = Release|Any CPU
	EndGlobalSection
	GlobalSection(SolutionProperties) = preSolution
		HideSolutionNode = FALSE
	EndGlobalSection
	GlobalSection(ExtensibilityGlobals) = postSolution
		SolutionGuid = {03C73095-DB14-44F5-9468-5CD7F02D56F1}
	EndGlobalSection
EndGlobal
