
Microsoft Visual Studio Solution File, Format Version 12.00
# Visual Studio Version 16
VisualStudioVersion = 16.0.29306.81
MinimumVisualStudioVersion = 10.0.40219.1
Project("{FAE04EC0-301F-11D3-BF4B-00C04F79EFBC}") = "Lab4Task1", "Lab4Csharp\Lab4Task1.csproj", "{8D609695-B0E2-43C3-A866-F24C577B7369}"
EndProject
Project("{FAE04EC0-301F-11D3-BF4B-00C04F79EFBC}") = "Lab4Task2", "Lab4Task2\Lab4Task2.csproj", "{2A17D52D-47E7-447E-88AA-90342370085F}"
EndProject
Global
	GlobalSection(SolutionConfigurationPlatforms) = preSolution
		Debug|Any CPU = Debug|Any CPU
		Release|Any CPU = Release|Any CPU
	EndGlobalSection
	GlobalSection(ProjectConfigurationPlatforms) = postSolution
		{8D609695-B0E2-43C3-A866-F24C577B7369}.Debug|Any CPU.ActiveCfg = Debug|Any CPU
		{8D609695-B0E2-43C3-A866-F24C577B7369}.Debug|Any CPU.Build.0 = Debug|Any CPU
		{8D609695-B0E2-43C3-A866-F24C577B7369}.Release|Any CPU.ActiveCfg = Release|Any CPU
		{8D609695-B0E2-43C3-A866-F24C577B7369}.Release|Any CPU.Build.0 = Release|Any CPU
		{2A17D52D-47E7-447E-88AA-90342370085F}.Debug|Any CPU.ActiveCfg = Debug|Any CPU
		{2A17D52D-47E7-447E-88AA-90342370085F}.Debug|Any CPU.Build.0 = Debug|Any CPU
		{2A17D52D-47E7-447E-88AA-90342370085F}.Release|Any CPU.ActiveCfg = Release|Any CPU
		{2A17D52D-47E7-447E-88AA-90342370085F}.Release|Any CPU.Build.0 = Release|Any CPU
	EndGlobalSection
	GlobalSection(SolutionProperties) = preSolution
		HideSolutionNode = FALSE
	EndGlobalSection
	GlobalSection(ExtensibilityGlobals) = postSolution
		SolutionGuid = {E12B4991-9534-4B2E-82E2-CD90B6F02CB8}
	EndGlobalSection
EndGlobal
